# This file is generated by running "yarn install" inside your project.
# Manual changes might be lost - proceed with caution!

__metadata:
  version: 8
  cacheKey: 10

"@types/chrome@npm:^0.0.242":
  version: 0.0.242
  resolution: "@types/chrome@npm:0.0.242"
  dependencies:
    "@types/filesystem": "npm:*"
    "@types/har-format": "npm:*"
  checksum: 987be17ac208a44782d7c07bb21741147bf31f513a454e39fdccde7a5757cd503daeea01c8a58860e08d29ebd93227007c2fc4a374e1fa507ffcd2d93d5e4597
  languageName: node
  linkType: hard

"@types/filesystem@npm:*":
  version: 0.0.32
  resolution: "@types/filesystem@npm:0.0.32"
  dependencies:
    "@types/filewriter": "npm:*"
  checksum: f0ddbd38519480fbf08be803e983c26ce2f5dd373f8285c87763f615ed2b56ace9ad0411c7fd45a358217dbacf4adfdbcda61fcab0269b04d0037c8dd4dfa7c0
  languageName: node
  linkType: hard

"@types/filewriter@npm:*":
  version: 0.0.29
  resolution: "@types/filewriter@npm:0.0.29"
  checksum: bbad0faade291f375f670fff7e95a9eab6bd67315c978f31ce3bb047be418fcc2d9c56b6eeebd1599d7128f0faa43ae3f5f709e6f53d2130eb022fbe32d63c1e
  languageName: node
  linkType: hard

"@types/har-format@npm:*":
  version: 1.2.10
  resolution: "@types/har-format@npm:1.2.10"
  checksum: 8e6fb65a70129d0999e782e4f06c419a26eacf5a9fdd9efff19d3603edbfc82cac76d9ea4d1dfa0f1827de36075dbabc86510d79a4034cc4dff232671dbed296
  languageName: node
  linkType: hard

"am-tracklist-helper@workspace:.":
  version: 0.0.0-use.local
  resolution: "am-tracklist-helper@workspace:."
  dependencies:
    "@types/chrome": "npm:^0.0.242"
    prettier: "npm:^3.0.0"
    typescript: "npm:^5.1.6"
  languageName: unknown
  linkType: soft

"prettier@npm:^3.0.0":
  version: 3.0.0
  resolution: "prettier@npm:3.0.0"
  bin:
    prettier: bin/prettier.cjs
  checksum: 399292638280988ecd44db6532e908246b7c9468e6f5f571b3835a5206b7f1132cb674c12be430d921474901dc85398429dfd2dc31b282eef9affebd3ce72cef
  languageName: node
  linkType: hard

"typescript@npm:^5.1.6":
  version: 5.1.6
  resolution: "typescript@npm:5.1.6"
  bin:
    tsc: bin/tsc
    tsserver: bin/tsserver
  checksum: f347cde665cf43dc4c1c7d9821c7d9bbec3c3914f4bdd82ee490e9fb9f6d99036ed8666463b6a192dd005eeef333c5087d5931bdd51ec853436ff9a670a7417e
  languageName: node
  linkType: hard

"typescript@patch:typescript@npm%3A^5.1.6#optional!builtin<compat/typescript>":
  version: 5.1.6
  resolution: "typescript@patch:typescript@npm%3A5.1.6#optional!builtin<compat/typescript>::version=5.1.6&hash=5da071"
  bin:
    tsc: bin/tsc
    tsserver: bin/tsserver
  checksum: f5481fa3ba0eee8970f46708d13c05650a865ad093b586fc9573f425c64c57ca97e3308e110bb528deb3ccebe83f6fd7b5a8ac90018038da96326a9ccdf8e77c
  languageName: node
  linkType: hard
